{
  "name": "cfmr-wordcount-mapper",
  "version": "0.0.1",
  "lockfileVersion": 1,
  "requires": true,
  "dependencies": {
    "cfmr": {
      "version": "0.0.12",
      "resolved": "https://registry.npmjs.org/cfmr/-/cfmr-0.0.12.tgz",
      "integrity": "sha512-6Uaqo26JDUxdy+6sX8B0L2FIeZ3Vpn+zsk2nGZ6WPXPfwIquj97nY0PC5l9yDiVVvOvmbKY5918PaV85JXJQHg=="
    }
  }
}
