{
  "name": "cfmr-wordcount-mapper",
  "version": "0.0.1",
  "lockfileVersion": 1,
  "requires": true,
  "dependencies": {
    "cfmr": {
      "version": "0.0.6",
      "resolved": "https://registry.npmjs.org/cfmr/-/cfmr-0.0.6.tgz",
      "integrity": "sha512-IrJBsK+SMmI83vMUG86mn11odLLUQkWdYgOAsCOhpoPSnI4EvhxrBkiEBKZ5yO0fc7gHLK5IQwzKMl1iZpg3fw=="
    }
  }
}
