{
  "name": "cfmr-wordcount-mapper",
  "version": "0.0.1",
  "lockfileVersion": 1,
  "requires": true,
  "dependencies": {
    "cfmr": {
      "version": "0.0.2",
      "resolved": "https://registry.npmjs.org/cfmr/-/cfmr-0.0.2.tgz",
      "integrity": "sha512-ZWiFykE72N0TNJ1ylBmy6fOe3+29hP1ey6qf2fho0Cpnr5onnuEpYvZqK/SItjF+fFcRMQhNWUyp5d9nvK7NtA=="
    }
  }
}
